
Microsoft Visual Studio Solution File, Format Version 12.00
# Visual Studio 2012
Project("{FAE04EC0-301F-11D3-BF4B-00C04F79EFBC}") = "leap", "leap\leap.csproj", "{AF320413-341B-4829-831F-3361CA7ED504}"
EndProject
Project("{FAE04EC0-301F-11D3-BF4B-00C04F79EFBC}") = "bob", "bob\bob.csproj", "{F8CED0E9-8251-4DA8-BC5F-A7AAA8CE470D}"
EndProject
Project("{FAE04EC0-301F-11D3-BF4B-00C04F79EFBC}") = "etl", "etl\etl.csproj", "{E41B2079-0BA9-43B6-A8E6-6B9F5794D2CE}"
EndProject
Project("{FAE04EC0-301F-11D3-BF4B-00C04F79EFBC}") = "anagram", "anagram\anagram.csproj", "{B88915E7-0CE8-40B0-91D4-AE4DECB64E73}"
EndProject
Project("{FAE04EC0-301F-11D3-BF4B-00C04F79EFBC}") = "hamming", "hamming\hamming.csproj", "{C461C0EB-68F9-4F8C-8EAD-BAC1B6C60E9D}"
EndProject
Global
	GlobalSection(SolutionConfigurationPlatforms) = preSolution
		Debug|Any CPU = Debug|Any CPU
		Release|Any CPU = Release|Any CPU
	EndGlobalSection
	GlobalSection(ProjectConfigurationPlatforms) = postSolution
		{AF320413-341B-4829-831F-3361CA7ED504}.Debug|Any CPU.ActiveCfg = Debug|Any CPU
		{AF320413-341B-4829-831F-3361CA7ED504}.Debug|Any CPU.Build.0 = Debug|Any CPU
		{AF320413-341B-4829-831F-3361CA7ED504}.Release|Any CPU.ActiveCfg = Release|Any CPU
		{AF320413-341B-4829-831F-3361CA7ED504}.Release|Any CPU.Build.0 = Release|Any CPU
		{B88915E7-0CE8-40B0-91D4-AE4DECB64E73}.Debug|Any CPU.ActiveCfg = Debug|Any CPU
		{B88915E7-0CE8-40B0-91D4-AE4DECB64E73}.Debug|Any CPU.Build.0 = Debug|Any CPU
		{B88915E7-0CE8-40B0-91D4-AE4DECB64E73}.Release|Any CPU.ActiveCfg = Release|Any CPU
		{B88915E7-0CE8-40B0-91D4-AE4DECB64E73}.Release|Any CPU.Build.0 = Release|Any CPU
		{C461C0EB-68F9-4F8C-8EAD-BAC1B6C60E9D}.Debug|Any CPU.ActiveCfg = Debug|Any CPU
		{C461C0EB-68F9-4F8C-8EAD-BAC1B6C60E9D}.Debug|Any CPU.Build.0 = Debug|Any CPU
		{C461C0EB-68F9-4F8C-8EAD-BAC1B6C60E9D}.Release|Any CPU.ActiveCfg = Release|Any CPU
		{C461C0EB-68F9-4F8C-8EAD-BAC1B6C60E9D}.Release|Any CPU.Build.0 = Release|Any CPU
		{E41B2079-0BA9-43B6-A8E6-6B9F5794D2CE}.Debug|Any CPU.ActiveCfg = Debug|Any CPU
		{E41B2079-0BA9-43B6-A8E6-6B9F5794D2CE}.Debug|Any CPU.Build.0 = Debug|Any CPU
		{E41B2079-0BA9-43B6-A8E6-6B9F5794D2CE}.Release|Any CPU.ActiveCfg = Release|Any CPU
		{E41B2079-0BA9-43B6-A8E6-6B9F5794D2CE}.Release|Any CPU.Build.0 = Release|Any CPU
		{F8CED0E9-8251-4DA8-BC5F-A7AAA8CE470D}.Debug|Any CPU.ActiveCfg = Debug|Any CPU
		{F8CED0E9-8251-4DA8-BC5F-A7AAA8CE470D}.Debug|Any CPU.Build.0 = Debug|Any CPU
		{F8CED0E9-8251-4DA8-BC5F-A7AAA8CE470D}.Release|Any CPU.ActiveCfg = Release|Any CPU
		{F8CED0E9-8251-4DA8-BC5F-A7AAA8CE470D}.Release|Any CPU.Build.0 = Release|Any CPU
	EndGlobalSection
EndGlobal
